
Microsoft Visual Studio Solution File, Format Version 12.00
# Visual Studio Version 17
VisualStudioVersion = 17.5.33414.496
MinimumVisualStudioVersion = 10.0.40219.1
Project("{9A19103F-16F7-4668-BE54-9A1E7A4F7556}") = "Haters.IdentityServer", "Haters.IdentityServer\Haters.IdentityServer.csproj", "{79DBC639-F8C6-4940-A374-89DDEC988549}"
EndProject
Project("{9A19103F-16F7-4668-BE54-9A1E7A4F7556}") = "Haters.BlazorClient", "Haters.BlazorClient\Haters.BlazorClient.csproj", "{7037E1DE-2DAE-4BB0-8C50-08DC96C3737B}"
EndProject
Project("{9A19103F-16F7-4668-BE54-9A1E7A4F7556}") = "Haters.PostAPI", "Haters.PostAPI\Haters.PostAPI.csproj", "{03C82045-E3F9-430C-9AF3-549CCF17BD7E}"
EndProject
Global
	GlobalSection(SolutionConfigurationPlatforms) = preSolution
		Debug|Any CPU = Debug|Any CPU
		Release|Any CPU = Release|Any CPU
	EndGlobalSection
	GlobalSection(ProjectConfigurationPlatforms) = postSolution
		{79DBC639-F8C6-4940-A374-89DDEC988549}.Debug|Any CPU.ActiveCfg = Debug|Any CPU
		{79DBC639-F8C6-4940-A374-89DDEC988549}.Debug|Any CPU.Build.0 = Debug|Any CPU
		{79DBC639-F8C6-4940-A374-89DDEC988549}.Release|Any CPU.ActiveCfg = Release|Any CPU
		{79DBC639-F8C6-4940-A374-89DDEC988549}.Release|Any CPU.Build.0 = Release|Any CPU
		{7037E1DE-2DAE-4BB0-8C50-08DC96C3737B}.Debug|Any CPU.ActiveCfg = Debug|Any CPU
		{7037E1DE-2DAE-4BB0-8C50-08DC96C3737B}.Debug|Any CPU.Build.0 = Debug|Any CPU
		{7037E1DE-2DAE-4BB0-8C50-08DC96C3737B}.Release|Any CPU.ActiveCfg = Release|Any CPU
		{7037E1DE-2DAE-4BB0-8C50-08DC96C3737B}.Release|Any CPU.Build.0 = Release|Any CPU
		{03C82045-E3F9-430C-9AF3-549CCF17BD7E}.Debug|Any CPU.ActiveCfg = Debug|Any CPU
		{03C82045-E3F9-430C-9AF3-549CCF17BD7E}.Debug|Any CPU.Build.0 = Debug|Any CPU
		{03C82045-E3F9-430C-9AF3-549CCF17BD7E}.Release|Any CPU.ActiveCfg = Release|Any CPU
		{03C82045-E3F9-430C-9AF3-549CCF17BD7E}.Release|Any CPU.Build.0 = Release|Any CPU
	EndGlobalSection
	GlobalSection(SolutionProperties) = preSolution
		HideSolutionNode = FALSE
	EndGlobalSection
	GlobalSection(ExtensibilityGlobals) = postSolution
		SolutionGuid = {BB140EB5-B394-4BA6-994F-CF747A0CE72D}
	EndGlobalSection
EndGlobal
